
Microsoft Visual Studio Solution File, Format Version 12.00
# Visual Studio Version 17
VisualStudioVersion = 17.5.33530.505
MinimumVisualStudioVersion = 10.0.40219.1
Project("{2150E333-8FDC-42A3-9474-1A3956D46DE8}") = "DecratorPattern", "DecratorPattern", "{38F8A211-F428-449E-B9FE-3962A8FA90CA}"
EndProject
Project("{9A19103F-16F7-4668-BE54-9A1E7A4F7556}") = "DecoratorDP", "DecoratorDP\DecoratorDP.csproj", "{113F3903-3EF7-491C-9858-6FC438FB45E8}"
EndProject
Project("{2150E333-8FDC-42A3-9474-1A3956D46DE8}") = "FacadePattern", "FacadePattern", "{1B6BAA6D-C1BD-4104-8D53-3DD029C6EC6A}"
EndProject
Project("{9A19103F-16F7-4668-BE54-9A1E7A4F7556}") = "FacadeDP", "FacadeDP\FacadeDP.csproj", "{C17E5B7B-658D-4241-8AE9-7E900D320119}"
EndProject
Project("{2150E333-8FDC-42A3-9474-1A3956D46DE8}") = "BridgePattern", "BridgePattern", "{4BDCE0E0-E364-4DE0-A8F0-BC75C65C0EE2}"
EndProject
Project("{9A19103F-16F7-4668-BE54-9A1E7A4F7556}") = "BridgeDP", "BridgeDP\BridgeDP.csproj", "{8034570D-E26D-49F5-A0E6-825269F5D257}"
EndProject
Project("{2150E333-8FDC-42A3-9474-1A3956D46DE8}") = "ProxyPattern", "ProxyPattern", "{250DEDD6-D70E-489A-AF19-C47C9B5665CA}"
EndProject
Project("{2150E333-8FDC-42A3-9474-1A3956D46DE8}") = "MediatorPattern", "MediatorPattern", "{876375D0-F717-4FED-99A4-037891E5E55C}"
EndProject
Project("{9A19103F-16F7-4668-BE54-9A1E7A4F7556}") = "MediatorDP", "MediatorDP\MediatorDP.csproj", "{4B000F64-CAF1-43B4-8C2E-FF6A559DABC8}"
EndProject
Project("{9A19103F-16F7-4668-BE54-9A1E7A4F7556}") = "ProxyDP", "ProxyDP\ProxyDP.csproj", "{2BA162CC-CA4C-4210-9ADD-6BC110DBB658}"
EndProject
Project("{2150E333-8FDC-42A3-9474-1A3956D46DE8}") = "CompositePattern", "CompositePattern", "{96CD2F78-A37A-436C-8C11-179394FCBB0D}"
EndProject
Project("{9A19103F-16F7-4668-BE54-9A1E7A4F7556}") = "CompositeDP", "CompositeDP\CompositeDP.csproj", "{996E26A9-AD29-4BBD-B9E4-A6E4BB762443}"
EndProject
Project("{2150E333-8FDC-42A3-9474-1A3956D46DE8}") = "FlyweightPattern", "FlyweightPattern", "{24DC681E-6361-4B8C-9727-9665B8923388}"
EndProject
Project("{9A19103F-16F7-4668-BE54-9A1E7A4F7556}") = "FlyweightDP", "FlyweightDP\FlyweightDP.csproj", "{29F7CD46-6A39-4BB8-8C0C-E7F7E2FF3363}"
EndProject
Project("{2150E333-8FDC-42A3-9474-1A3956D46DE8}") = "AdapterPattern", "AdapterPattern", "{D6B6DFB6-09F8-4972-BDF6-2B4537053721}"
EndProject
Project("{9A19103F-16F7-4668-BE54-9A1E7A4F7556}") = "AdapterDP", "AdapterDP\AdapterDP.csproj", "{E102BCA8-CF56-4A80-9FD8-992529C91502}"
EndProject
Project("{9A19103F-16F7-4668-BE54-9A1E7A4F7556}") = "AdminPanel", "AdminPanel\AdminPanel.csproj", "{0BF52AC3-18A1-4F94-B74F-8B86205978C5}"
EndProject
Project("{2150E333-8FDC-42A3-9474-1A3956D46DE8}") = "PrototypePattern", "PrototypePattern", "{76D8E60D-26B1-4026-A0F7-ACFCFDC78C74}"
EndProject
Project("{9A19103F-16F7-4668-BE54-9A1E7A4F7556}") = "PrototypeDP", "PrototypeDP\PrototypeDP.csproj", "{6E78FE09-4C05-40F5-9B4E-030541A9DD7F}"
EndProject
Project("{2150E333-8FDC-42A3-9474-1A3956D46DE8}") = "SingletonePattern", "SingletonePattern", "{CC124D59-C7E2-461D-86FE-9A93BBB1BAFE}"
EndProject
Project("{9A19103F-16F7-4668-BE54-9A1E7A4F7556}") = "SingletoneDP", "SingletoneDP\SingletoneDP.csproj", "{67E231C5-7BE5-43E0-A5B5-66144AD79235}"
EndProject
Project("{2150E333-8FDC-42A3-9474-1A3956D46DE8}") = "FactoryMethodPattern", "FactoryMethodPattern", "{87EC9283-F748-4CC1-AB70-B3F166A43CFB}"
EndProject
Project("{9A19103F-16F7-4668-BE54-9A1E7A4F7556}") = "FactoryMethod", "FactoryMethod\FactoryMethod.csproj", "{3913629B-FE8A-413F-BF49-34DFCC6EF823}"
EndProject
Project("{2150E333-8FDC-42A3-9474-1A3956D46DE8}") = "AbstractFactoryPattern", "AbstractFactoryPattern", "{A734946F-E3A8-4252-BEEA-4B5476B6A752}"
EndProject
Project("{9A19103F-16F7-4668-BE54-9A1E7A4F7556}") = "AbstractFactoryDP", "AbstractFactoryDP\AbstractFactoryDP.csproj", "{9B1D5542-ADEA-44FC-A1BA-0268C76B86A0}"
EndProject
Project("{2150E333-8FDC-42A3-9474-1A3956D46DE8}") = "BuilderPattern", "BuilderPattern", "{FC7B6D28-A835-438F-9FF3-B6208A052991}"
EndProject
Project("{9A19103F-16F7-4668-BE54-9A1E7A4F7556}") = "BuilderDP", "BuilderDP\BuilderDP.csproj", "{8432EF80-CC5C-4E0C-B713-08430F9D9613}"
EndProject
Project("{2150E333-8FDC-42A3-9474-1A3956D46DE8}") = "StrategyPattern", "StrategyPattern", "{008B6F1F-B5DC-4F8C-90FD-E2C4AC159573}"
EndProject
Project("{9A19103F-16F7-4668-BE54-9A1E7A4F7556}") = "StrategyDP", "StrategyDP\StrategyDP.csproj", "{3C102A61-F338-457A-9B7F-831DB9B17CE0}"
EndProject
Project("{2150E333-8FDC-42A3-9474-1A3956D46DE8}") = "TemplateMethodPattern", "TemplateMethodPattern", "{9DD22535-B9FC-46A5-A8C9-B0F7DCE03D93}"
EndProject
Project("{FAE04EC0-301F-11D3-BF4B-00C04F79EFBC}") = "TamplateMethodDP", "TamplateMethodDP\TamplateMethodDP.csproj", "{BFB95120-6F63-46EC-AD4E-39922349DA8B}"
EndProject
Project("{2150E333-8FDC-42A3-9474-1A3956D46DE8}") = "ChaninOfResposibilityPattern", "ChaninOfResposibilityPattern", "{0D4B1054-35DA-4CAC-85E6-FAA1DB1B6DA8}"
EndProject
Project("{FAE04EC0-301F-11D3-BF4B-00C04F79EFBC}") = "ChaninOfResposibilityDP", "ChaninOfResposibilityDP\ChaninOfResposibilityDP.csproj", "{5FE5802B-BAC7-4933-8AF6-EBBD78647454}"
EndProject
Global
	GlobalSection(SolutionConfigurationPlatforms) = preSolution
		Debug|Any CPU = Debug|Any CPU
		Release|Any CPU = Release|Any CPU
	EndGlobalSection
	GlobalSection(ProjectConfigurationPlatforms) = postSolution
		{113F3903-3EF7-491C-9858-6FC438FB45E8}.Debug|Any CPU.ActiveCfg = Debug|Any CPU
		{113F3903-3EF7-491C-9858-6FC438FB45E8}.Debug|Any CPU.Build.0 = Debug|Any CPU
		{113F3903-3EF7-491C-9858-6FC438FB45E8}.Release|Any CPU.ActiveCfg = Release|Any CPU
		{113F3903-3EF7-491C-9858-6FC438FB45E8}.Release|Any CPU.Build.0 = Release|Any CPU
		{C17E5B7B-658D-4241-8AE9-7E900D320119}.Debug|Any CPU.ActiveCfg = Debug|Any CPU
		{C17E5B7B-658D-4241-8AE9-7E900D320119}.Debug|Any CPU.Build.0 = Debug|Any CPU
		{C17E5B7B-658D-4241-8AE9-7E900D320119}.Release|Any CPU.ActiveCfg = Release|Any CPU
		{C17E5B7B-658D-4241-8AE9-7E900D320119}.Release|Any CPU.Build.0 = Release|Any CPU
		{8034570D-E26D-49F5-A0E6-825269F5D257}.Debug|Any CPU.ActiveCfg = Debug|Any CPU
		{8034570D-E26D-49F5-A0E6-825269F5D257}.Debug|Any CPU.Build.0 = Debug|Any CPU
		{8034570D-E26D-49F5-A0E6-825269F5D257}.Release|Any CPU.ActiveCfg = Release|Any CPU
		{8034570D-E26D-49F5-A0E6-825269F5D257}.Release|Any CPU.Build.0 = Release|Any CPU
		{4B000F64-CAF1-43B4-8C2E-FF6A559DABC8}.Debug|Any CPU.ActiveCfg = Debug|Any CPU
		{4B000F64-CAF1-43B4-8C2E-FF6A559DABC8}.Debug|Any CPU.Build.0 = Debug|Any CPU
		{4B000F64-CAF1-43B4-8C2E-FF6A559DABC8}.Release|Any CPU.ActiveCfg = Release|Any CPU
		{4B000F64-CAF1-43B4-8C2E-FF6A559DABC8}.Release|Any CPU.Build.0 = Release|Any CPU
		{2BA162CC-CA4C-4210-9ADD-6BC110DBB658}.Debug|Any CPU.ActiveCfg = Debug|Any CPU
		{2BA162CC-CA4C-4210-9ADD-6BC110DBB658}.Debug|Any CPU.Build.0 = Debug|Any CPU
		{2BA162CC-CA4C-4210-9ADD-6BC110DBB658}.Release|Any CPU.ActiveCfg = Release|Any CPU
		{2BA162CC-CA4C-4210-9ADD-6BC110DBB658}.Release|Any CPU.Build.0 = Release|Any CPU
		{996E26A9-AD29-4BBD-B9E4-A6E4BB762443}.Debug|Any CPU.ActiveCfg = Debug|Any CPU
		{996E26A9-AD29-4BBD-B9E4-A6E4BB762443}.Debug|Any CPU.Build.0 = Debug|Any CPU
		{996E26A9-AD29-4BBD-B9E4-A6E4BB762443}.Release|Any CPU.ActiveCfg = Release|Any CPU
		{996E26A9-AD29-4BBD-B9E4-A6E4BB762443}.Release|Any CPU.Build.0 = Release|Any CPU
		{29F7CD46-6A39-4BB8-8C0C-E7F7E2FF3363}.Debug|Any CPU.ActiveCfg = Debug|Any CPU
		{29F7CD46-6A39-4BB8-8C0C-E7F7E2FF3363}.Debug|Any CPU.Build.0 = Debug|Any CPU
		{29F7CD46-6A39-4BB8-8C0C-E7F7E2FF3363}.Release|Any CPU.ActiveCfg = Release|Any CPU
		{29F7CD46-6A39-4BB8-8C0C-E7F7E2FF3363}.Release|Any CPU.Build.0 = Release|Any CPU
		{E102BCA8-CF56-4A80-9FD8-992529C91502}.Debug|Any CPU.ActiveCfg = Debug|Any CPU
		{E102BCA8-CF56-4A80-9FD8-992529C91502}.Debug|Any CPU.Build.0 = Debug|Any CPU
		{E102BCA8-CF56-4A80-9FD8-992529C91502}.Release|Any CPU.ActiveCfg = Release|Any CPU
		{E102BCA8-CF56-4A80-9FD8-992529C91502}.Release|Any CPU.Build.0 = Release|Any CPU
		{0BF52AC3-18A1-4F94-B74F-8B86205978C5}.Debug|Any CPU.ActiveCfg = Debug|Any CPU
		{0BF52AC3-18A1-4F94-B74F-8B86205978C5}.Debug|Any CPU.Build.0 = Debug|Any CPU
		{0BF52AC3-18A1-4F94-B74F-8B86205978C5}.Release|Any CPU.ActiveCfg = Release|Any CPU
		{0BF52AC3-18A1-4F94-B74F-8B86205978C5}.Release|Any CPU.Build.0 = Release|Any CPU
		{6E78FE09-4C05-40F5-9B4E-030541A9DD7F}.Debug|Any CPU.ActiveCfg = Debug|Any CPU
		{6E78FE09-4C05-40F5-9B4E-030541A9DD7F}.Debug|Any CPU.Build.0 = Debug|Any CPU
		{6E78FE09-4C05-40F5-9B4E-030541A9DD7F}.Release|Any CPU.ActiveCfg = Release|Any CPU
		{6E78FE09-4C05-40F5-9B4E-030541A9DD7F}.Release|Any CPU.Build.0 = Release|Any CPU
		{67E231C5-7BE5-43E0-A5B5-66144AD79235}.Debug|Any CPU.ActiveCfg = Debug|Any CPU
		{67E231C5-7BE5-43E0-A5B5-66144AD79235}.Debug|Any CPU.Build.0 = Debug|Any CPU
		{67E231C5-7BE5-43E0-A5B5-66144AD79235}.Release|Any CPU.ActiveCfg = Release|Any CPU
		{67E231C5-7BE5-43E0-A5B5-66144AD79235}.Release|Any CPU.Build.0 = Release|Any CPU
		{3913629B-FE8A-413F-BF49-34DFCC6EF823}.Debug|Any CPU.ActiveCfg = Debug|Any CPU
		{3913629B-FE8A-413F-BF49-34DFCC6EF823}.Debug|Any CPU.Build.0 = Debug|Any CPU
		{3913629B-FE8A-413F-BF49-34DFCC6EF823}.Release|Any CPU.ActiveCfg = Release|Any CPU
		{3913629B-FE8A-413F-BF49-34DFCC6EF823}.Release|Any CPU.Build.0 = Release|Any CPU
		{9B1D5542-ADEA-44FC-A1BA-0268C76B86A0}.Debug|Any CPU.ActiveCfg = Debug|Any CPU
		{9B1D5542-ADEA-44FC-A1BA-0268C76B86A0}.Debug|Any CPU.Build.0 = Debug|Any CPU
		{9B1D5542-ADEA-44FC-A1BA-0268C76B86A0}.Release|Any CPU.ActiveCfg = Release|Any CPU
		{9B1D5542-ADEA-44FC-A1BA-0268C76B86A0}.Release|Any CPU.Build.0 = Release|Any CPU
		{8432EF80-CC5C-4E0C-B713-08430F9D9613}.Debug|Any CPU.ActiveCfg = Debug|Any CPU
		{8432EF80-CC5C-4E0C-B713-08430F9D9613}.Debug|Any CPU.Build.0 = Debug|Any CPU
		{8432EF80-CC5C-4E0C-B713-08430F9D9613}.Release|Any CPU.ActiveCfg = Release|Any CPU
		{8432EF80-CC5C-4E0C-B713-08430F9D9613}.Release|Any CPU.Build.0 = Release|Any CPU
		{3C102A61-F338-457A-9B7F-831DB9B17CE0}.Debug|Any CPU.ActiveCfg = Debug|Any CPU
		{3C102A61-F338-457A-9B7F-831DB9B17CE0}.Debug|Any CPU.Build.0 = Debug|Any CPU
		{3C102A61-F338-457A-9B7F-831DB9B17CE0}.Release|Any CPU.ActiveCfg = Release|Any CPU
		{3C102A61-F338-457A-9B7F-831DB9B17CE0}.Release|Any CPU.Build.0 = Release|Any CPU
		{BFB95120-6F63-46EC-AD4E-39922349DA8B}.Debug|Any CPU.ActiveCfg = Debug|Any CPU
		{BFB95120-6F63-46EC-AD4E-39922349DA8B}.Debug|Any CPU.Build.0 = Debug|Any CPU
		{BFB95120-6F63-46EC-AD4E-39922349DA8B}.Release|Any CPU.ActiveCfg = Release|Any CPU
		{BFB95120-6F63-46EC-AD4E-39922349DA8B}.Release|Any CPU.Build.0 = Release|Any CPU
		{5FE5802B-BAC7-4933-8AF6-EBBD78647454}.Debug|Any CPU.ActiveCfg = Debug|Any CPU
		{5FE5802B-BAC7-4933-8AF6-EBBD78647454}.Debug|Any CPU.Build.0 = Debug|Any CPU
		{5FE5802B-BAC7-4933-8AF6-EBBD78647454}.Release|Any CPU.ActiveCfg = Release|Any CPU
		{5FE5802B-BAC7-4933-8AF6-EBBD78647454}.Release|Any CPU.Build.0 = Release|Any CPU
	EndGlobalSection
	GlobalSection(SolutionProperties) = preSolution
		HideSolutionNode = FALSE
	EndGlobalSection
	GlobalSection(NestedProjects) = preSolution
		{113F3903-3EF7-491C-9858-6FC438FB45E8} = {38F8A211-F428-449E-B9FE-3962A8FA90CA}
		{C17E5B7B-658D-4241-8AE9-7E900D320119} = {1B6BAA6D-C1BD-4104-8D53-3DD029C6EC6A}
		{8034570D-E26D-49F5-A0E6-825269F5D257} = {4BDCE0E0-E364-4DE0-A8F0-BC75C65C0EE2}
		{4B000F64-CAF1-43B4-8C2E-FF6A559DABC8} = {876375D0-F717-4FED-99A4-037891E5E55C}
		{2BA162CC-CA4C-4210-9ADD-6BC110DBB658} = {250DEDD6-D70E-489A-AF19-C47C9B5665CA}
		{996E26A9-AD29-4BBD-B9E4-A6E4BB762443} = {96CD2F78-A37A-436C-8C11-179394FCBB0D}
		{29F7CD46-6A39-4BB8-8C0C-E7F7E2FF3363} = {24DC681E-6361-4B8C-9727-9665B8923388}
		{E102BCA8-CF56-4A80-9FD8-992529C91502} = {D6B6DFB6-09F8-4972-BDF6-2B4537053721}
		{0BF52AC3-18A1-4F94-B74F-8B86205978C5} = {D6B6DFB6-09F8-4972-BDF6-2B4537053721}
		{6E78FE09-4C05-40F5-9B4E-030541A9DD7F} = {76D8E60D-26B1-4026-A0F7-ACFCFDC78C74}
		{67E231C5-7BE5-43E0-A5B5-66144AD79235} = {CC124D59-C7E2-461D-86FE-9A93BBB1BAFE}
		{3913629B-FE8A-413F-BF49-34DFCC6EF823} = {87EC9283-F748-4CC1-AB70-B3F166A43CFB}
		{9B1D5542-ADEA-44FC-A1BA-0268C76B86A0} = {A734946F-E3A8-4252-BEEA-4B5476B6A752}
		{8432EF80-CC5C-4E0C-B713-08430F9D9613} = {FC7B6D28-A835-438F-9FF3-B6208A052991}
		{3C102A61-F338-457A-9B7F-831DB9B17CE0} = {008B6F1F-B5DC-4F8C-90FD-E2C4AC159573}
		{BFB95120-6F63-46EC-AD4E-39922349DA8B} = {9DD22535-B9FC-46A5-A8C9-B0F7DCE03D93}
		{5FE5802B-BAC7-4933-8AF6-EBBD78647454} = {0D4B1054-35DA-4CAC-85E6-FAA1DB1B6DA8}
	EndGlobalSection
	GlobalSection(ExtensibilityGlobals) = postSolution
		SolutionGuid = {7AB48DE4-6428-4065-948B-BB0F31E340BD}
	EndGlobalSection
EndGlobal
